
Microsoft Visual Studio Solution File, Format Version 12.00
# Visual Studio Version 17
VisualStudioVersion = 17.5.33627.172
MinimumVisualStudioVersion = 10.0.40219.1
Project("{FAE04EC0-301F-11D3-BF4B-00C04F79EFBC}") = "Multiverse", "Multiverse\Multiverse.csproj", "{BA6E766A-8A16-4373-BFC3-1983BBB696BD}"
EndProject
Global
	GlobalSection(SolutionConfigurationPlatforms) = preSolution
		Debug|Any CPU = Debug|Any CPU
		Release|Any CPU = Release|Any CPU
	EndGlobalSection
	GlobalSection(ProjectConfigurationPlatforms) = postSolution
		{BA6E766A-8A16-4373-BFC3-1983BBB696BD}.Debug|Any CPU.ActiveCfg = Debug|Any CPU
		{BA6E766A-8A16-4373-BFC3-1983BBB696BD}.Debug|Any CPU.Build.0 = Debug|Any CPU
		{BA6E766A-8A16-4373-BFC3-1983BBB696BD}.Release|Any CPU.ActiveCfg = Release|Any CPU
		{BA6E766A-8A16-4373-BFC3-1983BBB696BD}.Release|Any CPU.Build.0 = Release|Any CPU
	EndGlobalSection
	GlobalSection(SolutionProperties) = preSolution
		HideSolutionNode = FALSE
	EndGlobalSection
	GlobalSection(ExtensibilityGlobals) = postSolution
		SolutionGuid = {0ACD1C69-E45E-478D-A117-29919A537963}
	EndGlobalSection
EndGlobal
